
Microsoft Visual Studio Solution File, Format Version 12.00
Project("{FAE04EC0-301F-11D3-BF4B-00C04F79EFBC}") = "StickersOnMap.Core", "StickersOnMap.Core\StickersOnMap.Core.csproj", "{76ECC049-D674-4C59-99BB-C6941292D14F}"
EndProject
Project("{FAE04EC0-301F-11D3-BF4B-00C04F79EFBC}") = "StickersOnMap.DAL", "StickersOnMap.DAL\StickersOnMap.DAL.csproj", "{7E4588E1-6457-47A5-9966-CC10B8416390}"
EndProject
Project("{FAE04EC0-301F-11D3-BF4B-00C04F79EFBC}") = "StickersOnMap.WEB", "StickersOnMap.WEB\StickersOnMap.WEB.csproj", "{E8646D57-BACD-4198-B313-DDCE94E186C0}"
EndProject
Project("{FAE04EC0-301F-11D3-BF4B-00C04F79EFBC}") = "StickersOnMap.Tests", "StickersOnMap.Tests\StickersOnMap.Tests.csproj", "{06B2680E-F861-4C2D-9B83-6A36344AFDE8}"
EndProject
Global
	GlobalSection(SolutionConfigurationPlatforms) = preSolution
		Debug|Any CPU = Debug|Any CPU
		Release|Any CPU = Release|Any CPU
	EndGlobalSection
	GlobalSection(ProjectConfigurationPlatforms) = postSolution
		{76ECC049-D674-4C59-99BB-C6941292D14F}.Debug|Any CPU.ActiveCfg = Debug|Any CPU
		{76ECC049-D674-4C59-99BB-C6941292D14F}.Debug|Any CPU.Build.0 = Debug|Any CPU
		{76ECC049-D674-4C59-99BB-C6941292D14F}.Release|Any CPU.ActiveCfg = Release|Any CPU
		{76ECC049-D674-4C59-99BB-C6941292D14F}.Release|Any CPU.Build.0 = Release|Any CPU
		{7E4588E1-6457-47A5-9966-CC10B8416390}.Debug|Any CPU.ActiveCfg = Debug|Any CPU
		{7E4588E1-6457-47A5-9966-CC10B8416390}.Debug|Any CPU.Build.0 = Debug|Any CPU
		{7E4588E1-6457-47A5-9966-CC10B8416390}.Release|Any CPU.ActiveCfg = Release|Any CPU
		{7E4588E1-6457-47A5-9966-CC10B8416390}.Release|Any CPU.Build.0 = Release|Any CPU
		{E8646D57-BACD-4198-B313-DDCE94E186C0}.Debug|Any CPU.ActiveCfg = Debug|Any CPU
		{E8646D57-BACD-4198-B313-DDCE94E186C0}.Debug|Any CPU.Build.0 = Debug|Any CPU
		{E8646D57-BACD-4198-B313-DDCE94E186C0}.Release|Any CPU.ActiveCfg = Release|Any CPU
		{E8646D57-BACD-4198-B313-DDCE94E186C0}.Release|Any CPU.Build.0 = Release|Any CPU
		{06B2680E-F861-4C2D-9B83-6A36344AFDE8}.Debug|Any CPU.ActiveCfg = Debug|Any CPU
		{06B2680E-F861-4C2D-9B83-6A36344AFDE8}.Debug|Any CPU.Build.0 = Debug|Any CPU
		{06B2680E-F861-4C2D-9B83-6A36344AFDE8}.Release|Any CPU.ActiveCfg = Release|Any CPU
		{06B2680E-F861-4C2D-9B83-6A36344AFDE8}.Release|Any CPU.Build.0 = Release|Any CPU
	EndGlobalSection
EndGlobal
